
Microsoft Visual Studio Solution File, Format Version 12.00
# Visual Studio Version 16
VisualStudioVersion = 16.0.30907.101
MinimumVisualStudioVersion = 10.0.40219.1
Project("{9A19103F-16F7-4668-BE54-9A1E7A4F7556}") = "ConsoleAppConsumeOpenAPI", "ConsoleAppConsumeOpenAPI.csproj", "{63F9ED8F-35E1-4B30-A3B3-D8BCEFFAB229}"
EndProject
Global
	GlobalSection(SolutionConfigurationPlatforms) = preSolution
		Debug|Any CPU = Debug|Any CPU
		Release|Any CPU = Release|Any CPU
	EndGlobalSection
	GlobalSection(ProjectConfigurationPlatforms) = postSolution
		{63F9ED8F-35E1-4B30-A3B3-D8BCEFFAB229}.Debug|Any CPU.ActiveCfg = Debug|Any CPU
		{63F9ED8F-35E1-4B30-A3B3-D8BCEFFAB229}.Debug|Any CPU.Build.0 = Debug|Any CPU
		{63F9ED8F-35E1-4B30-A3B3-D8BCEFFAB229}.Release|Any CPU.ActiveCfg = Release|Any CPU
		{63F9ED8F-35E1-4B30-A3B3-D8BCEFFAB229}.Release|Any CPU.Build.0 = Release|Any CPU
	EndGlobalSection
	GlobalSection(SolutionProperties) = preSolution
		HideSolutionNode = FALSE
	EndGlobalSection
	GlobalSection(ExtensibilityGlobals) = postSolution
		SolutionGuid = {D9D9DF0F-A275-4475-8627-48D7BA2680E0}
	EndGlobalSection
EndGlobal
